{
  "name": "asc-transform-example",
  "version": "1.0.0",
  "lockfileVersion": 3,
  "requires": true,
  "packages": {
    "": {
      "name": "asc-transform-example",
      "version": "1.0.0",
      "license": "UNLICENSED",
      "devDependencies": {
        "@tsconfig/node20": "^20.1.4",
        "@tsconfig/strictest": "^2.0.5",
        "assemblyscript": "^0.27.29",
        "typescript": "^5.5.3"
      }
    },
    "node_modules/@tsconfig/node20": {
      "version": "20.1.4",
      "resolved": "https://registry.npmjs.org/@tsconfig/node20/-/node20-20.1.4.tgz",
      "integrity": "sha512-sqgsT69YFeLWf5NtJ4Xq/xAF8p4ZQHlmGW74Nu2tD4+g5fAsposc4ZfaaPixVu4y01BEiDCWLRDCvDM5JOsRxg==",
      "dev": true,
      "license": "MIT"
    },
    "node_modules/@tsconfig/strictest": {
      "version": "2.0.5",
      "resolved": "https://registry.npmjs.org/@tsconfig/strictest/-/strictest-2.0.5.tgz",
      "integrity": "sha512-ec4tjL2Rr0pkZ5hww65c+EEPYwxOi4Ryv+0MtjeaSQRJyq322Q27eOQiFbuNgw2hpL4hB1/W/HBGk3VKS43osg==",
      "dev": true,
      "license": "MIT"
    },
    "node_modules/assemblyscript": {
      "version": "0.27.29",
      "resolved": "https://registry.npmjs.org/assemblyscript/-/assemblyscript-0.27.29.tgz",
      "integrity": "sha512-pH6udb7aE2F0t6cTh+0uCepmucykhMnAmm7k0kkAU3SY7LvpIngEBZWM6p5VCguu4EpmKGwEuZpZbEXzJ/frHQ==",
      "dev": true,
      "license": "Apache-2.0",
      "dependencies": {
        "binaryen": "116.0.0-nightly.20240114",
        "long": "^5.2.1"
      },
      "bin": {
        "asc": "bin/asc.js",
        "asinit": "bin/asinit.js"
      },
      "engines": {
        "node": ">=16",
        "npm": ">=7"
      },
      "funding": {
        "type": "opencollective",
        "url": "https://opencollective.com/assemblyscript"
      }
    },
    "node_modules/binaryen": {
      "version": "116.0.0-nightly.20240114",
      "resolved": "https://registry.npmjs.org/binaryen/-/binaryen-116.0.0-nightly.20240114.tgz",
      "integrity": "sha512-0GZrojJnuhoe+hiwji7QFaL3tBlJoA+KFUN7ouYSDGZLSo9CKM8swQX8n/UcbR0d1VuZKU+nhogNzv423JEu5A==",
      "dev": true,
      "license": "Apache-2.0",
      "bin": {
        "wasm-opt": "bin/wasm-opt",
        "wasm2js": "bin/wasm2js"
      }
    },
    "node_modules/long": {
      "version": "5.2.3",
      "resolved": "https://registry.npmjs.org/long/-/long-5.2.3.tgz",
      "integrity": "sha512-lcHwpNoggQTObv5apGNCTdJrO69eHOZMi4BNC+rTLER8iHAqGrUVeLh/irVIM7zTw2bOXA8T6uNPeujwOLg/2Q==",
      "dev": true,
      "license": "Apache-2.0"
    },
    "node_modules/typescript": {
      "version": "5.5.3",
      "resolved": "https://registry.npmjs.org/typescript/-/typescript-5.5.3.tgz",
      "integrity": "sha512-/hreyEujaB0w76zKo6717l3L0o/qEUtRgdvUBvlkhoWeOVMjMuHNHk0BRBzikzuGDqNmPQbg5ifMEqsHLiIUcQ==",
      "dev": true,
      "license": "Apache-2.0",
      "bin": {
        "tsc": "bin/tsc",
        "tsserver": "bin/tsserver"
      },
      "engines": {
        "node": ">=14.17"
      }
    }
  }
}
